{
  "name": "io.cordova.hellocordova",
  "version": "1.0.0",
  "lockfileVersion": 1,
  "requires": true,
  "dependencies": {
    "cordova-plugin-android-permissions": {
      "version": "1.1.2",
      "resolved": "https://registry.npmjs.org/cordova-plugin-android-permissions/-/cordova-plugin-android-permissions-1.1.2.tgz",
      "integrity": "sha512-vJd56gLaSgQnB/4+uUjyVwVAii5TszBPAgjVkGvM8658cP5rjiNFAWmoOYkjeSe1I6dJk+MGrh/GbPkn0a+2OA==",
      "dev": true
    },
    "cordova-plugin-geolocation": {
      "version": "2.4.3",
      "resolved": "https://registry.npmjs.org/cordova-plugin-geolocation/-/cordova-plugin-geolocation-2.4.3.tgz",
      "integrity": "sha1-HdAAI9Hxos4zD4dn7Qj3tzj+cYQ=",
      "dev": true
    },
    "org.apache.cordova.geolocation": {
      "version": "0.3.6",
      "resolved": "https://registry.npmjs.org/org.apache.cordova.geolocation/-/org.apache.cordova.geolocation-0.3.6.tgz",
      "integrity": "sha1-7jib5M+dbzuM5QAXta9+qJ+q1o0=",
      "dev": true
    }
  }
}
