{
  "name": "io.cordova.hellocordova",
  "version": "1.0.0",
  "lockfileVersion": 1,
  "requires": true,
  "dependencies": {
    "org.apache.cordova.geolocation": {
      "version": "0.3.6",
      "resolved": "https://registry.npmjs.org/org.apache.cordova.geolocation/-/org.apache.cordova.geolocation-0.3.6.tgz",
      "integrity": "sha1-7jib5M+dbzuM5QAXta9+qJ+q1o0=",
      "dev": true
    }
  }
}
